<?xml version="1.0" encoding="utf-8"?>
<Project ToolsVersion="4.0" xmlns="http://schemas.microsoft.com/developer/msbuild/2003">
  <ItemGroup>
    <Filter Include="Source Files">
      <UniqueIdentifier>{4FC737F1-C7A5-4376-A066-2A32D752A2FF}</UniqueIdentifier>
      <Extensions>cpp;c;cc;cxx;c++;cppm;ixx;def;odl;idl;hpj;bat;asm;asmx</Extensions>
    </Filter>
    <Filter Include="Header Files">
      <UniqueIdentifier>{93995380-89BD-4b04-88EB-625FBE52EBFB}</UniqueIdentifier>
      <Extensions>h;hh;hpp;hxx;h++;hm;inl;inc;ipp;xsd</Extensions>
    </Filter>
    <Filter Include="Resource Files">
      <UniqueIdentifier>{67DA6AB6-F800-4c08-8B7A-83BB121AAD01}</UniqueIdentifier>
      <Extensions>rc;ico;cur;bmp;dlg;rc2;rct;bin;rgs;gif;jpg;jpeg;jpe;resx;tiff;tif;png;wav;mfcribbon-ms</Extensions>
    </Filter>
    <Filter Include="Header Files\x86_disasm">
      <UniqueIdentifier>{3ef5d531-2289-4a1f-b64a-7f845ca8f031}</UniqueIdentifier>
    </Filter>
    <Filter Include="Source Files\x86_disasm">
      <UniqueIdentifier>{62ca5903-f153-44f6-a1b0-86d5c5bf1a09}</UniqueIdentifier>
    </Filter>
    <Filter Include="Header Files\hook">
      <UniqueIdentifier>{6527017a-9b6d-4d09-bfff-bc1d2f5809bc}</UniqueIdentifier>
    </Filter>
    <Filter Include="Source Files\hook">
      <UniqueIdentifier>{560023c5-4d5e-42d2-885c-da116ac7a834}</UniqueIdentifier>
    </Filter>
  </ItemGroup>
  <ItemGroup>
    <ClInclude Include="framework.h">
      <Filter>Header Files</Filter>
    </ClInclude>
    <ClInclude Include="pch.h">
      <Filter>Header Files</Filter>
    </ClInclude>
    <ClInclude Include="x86_1byte_table.h">
      <Filter>Header Files\x86_disasm</Filter>
    </ClInclude>
    <ClInclude Include="x86_2byte_table.h">
      <Filter>Header Files\x86_disasm</Filter>
    </ClInclude>
    <ClInclude Include="x86_3byte_tables.h">
      <Filter>Header Files\x86_disasm</Filter>
    </ClInclude>
    <ClInclude Include="x86_group_tables.h">
      <Filter>Header Files\x86_disasm</Filter>
    </ClInclude>
    <ClInclude Include="x86_instruction.h">
      <Filter>Header Files\x86_disasm</Filter>
    </ClInclude>
    <ClInclude Include="x86_opcode_defs.h">
      <Filter>Header Files\x86_disasm</Filter>
    </ClInclude>
    <ClInclude Include="hook.h">
      <Filter>Header Files\hook</Filter>
    </ClInclude>
    <ClInclude Include="memory.h">
      <Filter>Header Files\hook</Filter>
    </ClInclude>
  </ItemGroup>
  <ItemGroup>
    <ClCompile Include="dllmain.cpp">
      <Filter>Source Files</Filter>
    </ClCompile>
    <ClCompile Include="pch.cpp">
      <Filter>Source Files</Filter>
    </ClCompile>
    <ClCompile Include="x86_disassembler.cpp">
      <Filter>Source Files\x86_disasm</Filter>
    </ClCompile>
    <ClCompile Include="hook.cpp">
      <Filter>Source Files\hook</Filter>
    </ClCompile>
    <ClCompile Include="memory.cpp">
      <Filter>Source Files\hook</Filter>
    </ClCompile>
  </ItemGroup>
</Project>